// !$*UTF8*$!
{
	archiveVersion = 1;
	classes = {
	};
	objectVersion = 56;
	objects = {

/* Begin PBXBuildFile section */
		A93D544C2BAB01160094ACA7 /* AppDelegate.swift in Sources */ = {isa = PBXBuildFile; fileRef = A93D544B2BAB01160094ACA7 /* AppDelegate.swift */; };
		A93D544E2BAB01160094ACA7 /* GameScene.sks in Resources */ = {isa = PBXBuildFile; fileRef = A93D544D2BAB01160094ACA7 /* GameScene.sks */; };
		A93D54522BAB01160094ACA7 /* GameScene.swift in Sources */ = {isa = PBXBuildFile; fileRef = A93D54512BAB01160094ACA7 /* GameScene.swift */; };
		A93D54542BAB01160094ACA7 /* GameViewController.swift in Sources */ = {isa = PBXBuildFile; fileRef = A93D54532BAB01160094ACA7 /* GameViewController.swift */; };
		A93D54572BAB01160094ACA7 /* Base in Resources */ = {isa = PBXBuildFile; fileRef = A93D54562BAB01160094ACA7 /* Base */; };
		A93D54592BAB01170094ACA7 /* Assets.xcassets in Resources */ = {isa = PBXBuildFile; fileRef = A93D54582BAB01170094ACA7 /* Assets.xcassets */; };
		A93D545C2BAB01170094ACA7 /* Base in Resources */ = {isa = PBXBuildFile; fileRef = A93D545B2BAB01170094ACA7 /* Base */; };
		A97D49812BACA51E000AD0A3 /* MenuScene.sks in Resources */ = {isa = PBXBuildFile; fileRef = A97D49802BACA51E000AD0A3 /* MenuScene.sks */; };
		A97D49832BACA633000AD0A3 /* MenuScene.swift in Sources */ = {isa = PBXBuildFile; fileRef = A97D49822BACA633000AD0A3 /* MenuScene.swift */; };
		A97D49852BACB6FB000AD0A3 /* Object.swift in Sources */ = {isa = PBXBuildFile; fileRef = A97D49842BACB6FB000AD0A3 /* Object.swift */; };
		A9A4BC112BB202A100675F25 /* Kite.swift in Sources */ = {isa = PBXBuildFile; fileRef = A9A4BC102BB202A100675F25 /* Kite.swift */; };
		A9A4BC132BB2455B00675F25 /* DeathScene.swift in Sources */ = {isa = PBXBuildFile; fileRef = A9A4BC122BB2455B00675F25 /* DeathScene.swift */; };
		A9A4BC152BB3383700675F25 /* PowerUp.swift in Sources */ = {isa = PBXBuildFile; fileRef = A9A4BC142BB3383700675F25 /* PowerUp.swift */; };
		A9A4BC172BB35D0200675F25 /* MyParticle.sks in Resources */ = {isa = PBXBuildFile; fileRef = A9A4BC162BB35D0200675F25 /* MyParticle.sks */; };
		A9A4BC232BBC471F00675F25 /* Montserrat-Regular.ttf in Resources */ = {isa = PBXBuildFile; fileRef = A9A4BC222BBC471F00675F25 /* Montserrat-Regular.ttf */; };
		A9A4BC252BBC75D700675F25 /* GoogleService-Info.plist in Resources */ = {isa = PBXBuildFile; fileRef = A9A4BC242BBC75D700675F25 /* GoogleService-Info.plist */; };
		A9A4BC282BBC766100675F25 /* FirebaseAnalytics in Frameworks */ = {isa = PBXBuildFile; productRef = A9A4BC272BBC766100675F25 /* FirebaseAnalytics */; };
		A9A4BC2A2BBC766100675F25 /* FirebaseAnalyticsOnDeviceConversion in Frameworks */ = {isa = PBXBuildFile; productRef = A9A4BC292BBC766100675F25 /* FirebaseAnalyticsOnDeviceConversion */; };
		A9A4BC2C2BBC766100675F25 /* FirebaseAnalyticsSwift in Frameworks */ = {isa = PBXBuildFile; productRef = A9A4BC2B2BBC766100675F25 /* FirebaseAnalyticsSwift */; };
		A9A4BC2E2BBC766100675F25 /* FirebaseAnalyticsWithoutAdIdSupport in Frameworks */ = {isa = PBXBuildFile; productRef = A9A4BC2D2BBC766100675F25 /* FirebaseAnalyticsWithoutAdIdSupport */; };
		A9A4BC302BBC766100675F25 /* FirebaseAppCheck in Frameworks */ = {isa = PBXBuildFile; productRef = A9A4BC2F2BBC766100675F25 /* FirebaseAppCheck */; };
/* End PBXBuildFile section */

/* Begin PBXFileReference section */
		A93D54482BAB01160094ACA7 /* Kite-Odyssey.app */ = {isa = PBXFileReference; explicitFileType = wrapper.application; includeInIndex = 0; path = "Kite-Odyssey.app"; sourceTree = BUILT_PRODUCTS_DIR; };
		A93D544B2BAB01160094ACA7 /* AppDelegate.swift */ = {isa = PBXFileReference; lastKnownFileType = sourcecode.swift; path = AppDelegate.swift; sourceTree = "<group>"; };
		A93D544D2BAB01160094ACA7 /* GameScene.sks */ = {isa = PBXFileReference; lastKnownFileType = file.sks; path = GameScene.sks; sourceTree = "<group>"; };
		A93D54512BAB01160094ACA7 /* GameScene.swift */ = {isa = PBXFileReference; lastKnownFileType = sourcecode.swift; path = GameScene.swift; sourceTree = "<group>"; };
		A93D54532BAB01160094ACA7 /* GameViewController.swift */ = {isa = PBXFileReference; lastKnownFileType = sourcecode.swift; path = GameViewController.swift; sourceTree = "<group>"; };
		A93D54562BAB01160094ACA7 /* Base */ = {isa = PBXFileReference; lastKnownFileType = file.storyboard; name = Base; path = Base.lproj/Main.storyboard; sourceTree = "<group>"; };
		A93D54582BAB01170094ACA7 /* Assets.xcassets */ = {isa = PBXFileReference; lastKnownFileType = folder.assetcatalog; path = Assets.xcassets; sourceTree = "<group>"; };
		A93D545B2BAB01170094ACA7 /* Base */ = {isa = PBXFileReference; lastKnownFileType = file.storyboard; name = Base; path = Base.lproj/LaunchScreen.storyboard; sourceTree = "<group>"; };
		A97D49802BACA51E000AD0A3 /* MenuScene.sks */ = {isa = PBXFileReference; lastKnownFileType = file.sks; path = MenuScene.sks; sourceTree = "<group>"; };
		A97D49822BACA633000AD0A3 /* MenuScene.swift */ = {isa = PBXFileReference; lastKnownFileType = sourcecode.swift; path = MenuScene.swift; sourceTree = "<group>"; };
		A97D49842BACB6FB000AD0A3 /* Object.swift */ = {isa = PBXFileReference; lastKnownFileType = sourcecode.swift; path = Object.swift; sourceTree = "<group>"; };
		A97D498C2BAD05DA000AD0A3 /* Info.plist */ = {isa = PBXFileReference; lastKnownFileType = text.plist.xml; path = Info.plist; sourceTree = "<group>"; };
		A9A4BC102BB202A100675F25 /* Kite.swift */ = {isa = PBXFileReference; lastKnownFileType = sourcecode.swift; path = Kite.swift; sourceTree = "<group>"; };
		A9A4BC122BB2455B00675F25 /* DeathScene.swift */ = {isa = PBXFileReference; lastKnownFileType = sourcecode.swift; path = DeathScene.swift; sourceTree = "<group>"; };
		A9A4BC142BB3383700675F25 /* PowerUp.swift */ = {isa = PBXFileReference; lastKnownFileType = sourcecode.swift; path = PowerUp.swift; sourceTree = "<group>"; };
		A9A4BC162BB35D0200675F25 /* MyParticle.sks */ = {isa = PBXFileReference; lastKnownFileType = file.sks; path = MyParticle.sks; sourceTree = "<group>"; };
		A9A4BC222BBC471F00675F25 /* Montserrat-Regular.ttf */ = {isa = PBXFileReference; lastKnownFileType = file; path = "Montserrat-Regular.ttf"; sourceTree = "<group>"; };
		A9A4BC242BBC75D700675F25 /* GoogleService-Info.plist */ = {isa = PBXFileReference; fileEncoding = 4; lastKnownFileType = text.plist.xml; path = "GoogleService-Info.plist"; sourceTree = "<group>"; };
/* End PBXFileReference section */

/* Begin PBXFrameworksBuildPhase section */
		A93D54452BAB01160094ACA7 /* Frameworks */ = {
			isa = PBXFrameworksBuildPhase;
			buildActionMask = 2147483647;
			files = (
				A9A4BC2C2BBC766100675F25 /* FirebaseAnalyticsSwift in Frameworks */,
				A9A4BC282BBC766100675F25 /* FirebaseAnalytics in Frameworks */,
				A9A4BC2A2BBC766100675F25 /* FirebaseAnalyticsOnDeviceConversion in Frameworks */,
				A9A4BC302BBC766100675F25 /* FirebaseAppCheck in Frameworks */,
				A9A4BC2E2BBC766100675F25 /* FirebaseAnalyticsWithoutAdIdSupport in Frameworks */,
			);
			runOnlyForDeploymentPostprocessing = 0;
		};
/* End PBXFrameworksBuildPhase section */

/* Begin PBXGroup section */
		A93D543F2BAB01160094ACA7 = {
			isa = PBXGroup;
			children = (
				A93D544A2BAB01160094ACA7 /* Kite-Odyssey */,
				A93D54492BAB01160094ACA7 /* Products */,
			);
			sourceTree = "<group>";
		};
		A93D54492BAB01160094ACA7 /* Products */ = {
			isa = PBXGroup;
			children = (
				A93D54482BAB01160094ACA7 /* Kite-Odyssey.app */,
			);
			name = Products;
			sourceTree = "<group>";
		};
		A93D544A2BAB01160094ACA7 /* Kite-Odyssey */ = {
			isa = PBXGroup;
			children = (
				A97D498C2BAD05DA000AD0A3 /* Info.plist */,
				A9A4BC242BBC75D700675F25 /* GoogleService-Info.plist */,
				A9A4BC0F2BB2000700675F25 /* App */,
				A9A4BC0C2BB1FF9700675F25 /* SceneController */,
				A9A4BC0D2BB1FFBB00675F25 /* Scenes */,
				A9A4BC0A2BB1FF7B00675F25 /* Model */,
				A9A4BC0E2BB1FFED00675F25 /* Resources */,
			);
			path = "Kite-Odyssey";
			sourceTree = "<group>";
		};
		A9A4BC0A2BB1FF7B00675F25 /* Model */ = {
			isa = PBXGroup;
			children = (
				A97D49842BACB6FB000AD0A3 /* Object.swift */,
				A9A4BC142BB3383700675F25 /* PowerUp.swift */,
				A9A4BC102BB202A100675F25 /* Kite.swift */,
			);
			path = Model;
			sourceTree = "<group>";
		};
		A9A4BC0C2BB1FF9700675F25 /* SceneController */ = {
			isa = PBXGroup;
			children = (
				A97D49822BACA633000AD0A3 /* MenuScene.swift */,
				A93D54512BAB01160094ACA7 /* GameScene.swift */,
				A9A4BC122BB2455B00675F25 /* DeathScene.swift */,
			);
			path = SceneController;
			sourceTree = "<group>";
		};
		A9A4BC0D2BB1FFBB00675F25 /* Scenes */ = {
			isa = PBXGroup;
			children = (
				A97D49802BACA51E000AD0A3 /* MenuScene.sks */,
				A93D544D2BAB01160094ACA7 /* GameScene.sks */,
			);
			path = Scenes;
			sourceTree = "<group>";
		};
		A9A4BC0E2BB1FFED00675F25 /* Resources */ = {
			isa = PBXGroup;
			children = (
				A9A4BC222BBC471F00675F25 /* Montserrat-Regular.ttf */,
				A93D54582BAB01170094ACA7 /* Assets.xcassets */,
				A9A4BC162BB35D0200675F25 /* MyParticle.sks */,
			);
			path = Resources;
			sourceTree = "<group>";
		};
		A9A4BC0F2BB2000700675F25 /* App */ = {
			isa = PBXGroup;
			children = (
				A93D54552BAB01160094ACA7 /* Main.storyboard */,
				A93D545A2BAB01170094ACA7 /* LaunchScreen.storyboard */,
				A93D54532BAB01160094ACA7 /* GameViewController.swift */,
				A93D544B2BAB01160094ACA7 /* AppDelegate.swift */,
			);
			path = App;
			sourceTree = "<group>";
		};
/* End PBXGroup section */

/* Begin PBXNativeTarget section */
		A93D54472BAB01160094ACA7 /* Kite-Odyssey */ = {
			isa = PBXNativeTarget;
			buildConfigurationList = A93D545F2BAB01170094ACA7 /* Build configuration list for PBXNativeTarget "Kite-Odyssey" */;
			buildPhases = (
				A93D54442BAB01160094ACA7 /* Sources */,
				A93D54452BAB01160094ACA7 /* Frameworks */,
				A93D54462BAB01160094ACA7 /* Resources */,
			);
			buildRules = (
			);
			dependencies = (
			);
			name = "Kite-Odyssey";
			packageProductDependencies = (
				A9A4BC272BBC766100675F25 /* FirebaseAnalytics */,
				A9A4BC292BBC766100675F25 /* FirebaseAnalyticsOnDeviceConversion */,
				A9A4BC2B2BBC766100675F25 /* FirebaseAnalyticsSwift */,
				A9A4BC2D2BBC766100675F25 /* FirebaseAnalyticsWithoutAdIdSupport */,
				A9A4BC2F2BBC766100675F25 /* FirebaseAppCheck */,
			);
			productName = "Kite-Odyssey";
			productReference = A93D54482BAB01160094ACA7 /* Kite-Odyssey.app */;
			productType = "com.apple.product-type.application";
		};
/* End PBXNativeTarget section */

/* Begin PBXProject section */
		A93D54402BAB01160094ACA7 /* Project object */ = {
			isa = PBXProject;
			attributes = {
				BuildIndependentTargetsInParallel = 1;
				LastSwiftUpdateCheck = 1530;
				LastUpgradeCheck = 1530;
				TargetAttributes = {
					A93D54472BAB01160094ACA7 = {
						CreatedOnToolsVersion = 15.3;
					};
				};
			};
			buildConfigurationList = A93D54432BAB01160094ACA7 /* Build configuration list for PBXProject "Kite-Odyssey" */;
			compatibilityVersion = "Xcode 14.0";
			developmentRegion = en;
			hasScannedForEncodings = 0;
			knownRegions = (
				en,
				Base,
			);
			mainGroup = A93D543F2BAB01160094ACA7;
			packageReferences = (
				A9A4BC262BBC766100675F25 /* XCRemoteSwiftPackageReference "firebase-ios-sdk" */,
			);
			productRefGroup = A93D54492BAB01160094ACA7 /* Products */;
			projectDirPath = "";
			projectRoot = "";
			targets = (
				A93D54472BAB01160094ACA7 /* Kite-Odyssey */,
			);
		};
/* End PBXProject section */

/* Begin PBXResourcesBuildPhase section */
		A93D54462BAB01160094ACA7 /* Resources */ = {
			isa = PBXResourcesBuildPhase;
			buildActionMask = 2147483647;
			files = (
				A93D544E2BAB01160094ACA7 /* GameScene.sks in Resources */,
				A93D54572BAB01160094ACA7 /* Base in Resources */,
				A9A4BC232BBC471F00675F25 /* Montserrat-Regular.ttf in Resources */,
				A9A4BC172BB35D0200675F25 /* MyParticle.sks in Resources */,
				A93D54592BAB01170094ACA7 /* Assets.xcassets in Resources */,
				A97D49812BACA51E000AD0A3 /* MenuScene.sks in Resources */,
				A93D545C2BAB01170094ACA7 /* Base in Resources */,
				A9A4BC252BBC75D700675F25 /* GoogleService-Info.plist in Resources */,
			);
			runOnlyForDeploymentPostprocessing = 0;
		};
/* End PBXResourcesBuildPhase section */

/* Begin PBXSourcesBuildPhase section */
		A93D54442BAB01160094ACA7 /* Sources */ = {
			isa = PBXSourcesBuildPhase;
			buildActionMask = 2147483647;
			files = (
				A97D49852BACB6FB000AD0A3 /* Object.swift in Sources */,
				A93D54522BAB01160094ACA7 /* GameScene.swift in Sources */,
				A9A4BC152BB3383700675F25 /* PowerUp.swift in Sources */,
				A9A4BC112BB202A100675F25 /* Kite.swift in Sources */,
				A97D49832BACA633000AD0A3 /* MenuScene.swift in Sources */,
				A93D54542BAB01160094ACA7 /* GameViewController.swift in Sources */,
				A93D544C2BAB01160094ACA7 /* AppDelegate.swift in Sources */,
				A9A4BC132BB2455B00675F25 /* DeathScene.swift in Sources */,
			);
			runOnlyForDeploymentPostprocessing = 0;
		};
/* End PBXSourcesBuildPhase section */

/* Begin PBXVariantGroup section */
		A93D54552BAB01160094ACA7 /* Main.storyboard */ = {
			isa = PBXVariantGroup;
			children = (
				A93D54562BAB01160094ACA7 /* Base */,
			);
			name = Main.storyboard;
			sourceTree = "<group>";
		};
		A93D545A2BAB01170094ACA7 /* LaunchScreen.storyboard */ = {
			isa = PBXVariantGroup;
			children = (
				A93D545B2BAB01170094ACA7 /* Base */,
			);
			name = LaunchScreen.storyboard;
			sourceTree = "<group>";
		};
/* End PBXVariantGroup section */

/* Begin XCBuildConfiguration section */
		A93D545D2BAB01170094ACA7 /* Debug */ = {
			isa = XCBuildConfiguration;
			buildSettings = {
				ALWAYS_SEARCH_USER_PATHS = NO;
				ASSETCATALOG_COMPILER_GENERATE_SWIFT_ASSET_SYMBOL_EXTENSIONS = YES;
				CLANG_ANALYZER_NONNULL = YES;
				CLANG_ANALYZER_NUMBER_OBJECT_CONVERSION = YES_AGGRESSIVE;
				CLANG_CXX_LANGUAGE_STANDARD = "gnu++20";
				CLANG_ENABLE_MODULES = YES;
				CLANG_ENABLE_OBJC_ARC = YES;
				CLANG_ENABLE_OBJC_WEAK = YES;
				CLANG_WARN_BLOCK_CAPTURE_AUTORELEASING = YES;
				CLANG_WARN_BOOL_CONVERSION = YES;
				CLANG_WARN_COMMA = YES;
				CLANG_WARN_CONSTANT_CONVERSION = YES;
				CLANG_WARN_DEPRECATED_OBJC_IMPLEMENTATIONS = YES;
				CLANG_WARN_DIRECT_OBJC_ISA_USAGE = YES_ERROR;
				CLANG_WARN_DOCUMENTATION_COMMENTS = YES;
				CLANG_WARN_EMPTY_BODY = YES;
				CLANG_WARN_ENUM_CONVERSION = YES;
				CLANG_WARN_INFINITE_RECURSION = YES;
				CLANG_WARN_INT_CONVERSION = YES;
				CLANG_WARN_NON_LITERAL_NULL_CONVERSION = YES;
				CLANG_WARN_OBJC_IMPLICIT_RETAIN_SELF = YES;
				CLANG_WARN_OBJC_LITERAL_CONVERSION = YES;
				CLANG_WARN_OBJC_ROOT_CLASS = YES_ERROR;
				CLANG_WARN_QUOTED_INCLUDE_IN_FRAMEWORK_HEADER = YES;
				CLANG_WARN_RANGE_LOOP_ANALYSIS = YES;
				CLANG_WARN_STRICT_PROTOTYPES = YES;
				CLANG_WARN_SUSPICIOUS_MOVE = YES;
				CLANG_WARN_UNGUARDED_AVAILABILITY = YES_AGGRESSIVE;
				CLANG_WARN_UNREACHABLE_CODE = YES;
				CLANG_WARN__DUPLICATE_METHOD_MATCH = YES;
				COPY_PHASE_STRIP = NO;
				DEBUG_INFORMATION_FORMAT = dwarf;
				ENABLE_STRICT_OBJC_MSGSEND = YES;
				ENABLE_TESTABILITY = YES;
				ENABLE_USER_SCRIPT_SANDBOXING = YES;
				GCC_C_LANGUAGE_STANDARD = gnu17;
				GCC_DYNAMIC_NO_PIC = NO;
				GCC_NO_COMMON_BLOCKS = YES;
				GCC_OPTIMIZATION_LEVEL = 0;
				GCC_PREPROCESSOR_DEFINITIONS = (
					"DEBUG=1",
					"$(inherited)",
				);
				GCC_WARN_64_TO_32_BIT_CONVERSION = YES;
				GCC_WARN_ABOUT_RETURN_TYPE = YES_ERROR;
				GCC_WARN_UNDECLARED_SELECTOR = YES;
				GCC_WARN_UNINITIALIZED_AUTOS = YES_AGGRESSIVE;
				GCC_WARN_UNUSED_FUNCTION = YES;
				GCC_WARN_UNUSED_VARIABLE = YES;
				IPHONEOS_DEPLOYMENT_TARGET = 17.4;
				LOCALIZATION_PREFERS_STRING_CATALOGS = YES;
				MTL_ENABLE_DEBUG_INFO = INCLUDE_SOURCE;
				MTL_FAST_MATH = YES;
				ONLY_ACTIVE_ARCH = YES;
				SDKROOT = iphoneos;
				SWIFT_ACTIVE_COMPILATION_CONDITIONS = "DEBUG $(inherited)";
				SWIFT_OPTIMIZATION_LEVEL = "-Onone";
			};
			name = Debug;
		};
		A93D545E2BAB01170094ACA7 /* Release */ = {
			isa = XCBuildConfiguration;
			buildSettings = {
				ALWAYS_SEARCH_USER_PATHS = NO;
				ASSETCATALOG_COMPILER_GENERATE_SWIFT_ASSET_SYMBOL_EXTENSIONS = YES;
				CLANG_ANALYZER_NONNULL = YES;
				CLANG_ANALYZER_NUMBER_OBJECT_CONVERSION = YES_AGGRESSIVE;
				CLANG_CXX_LANGUAGE_STANDARD = "gnu++20";
				CLANG_ENABLE_MODULES = YES;
				CLANG_ENABLE_OBJC_ARC = YES;
				CLANG_ENABLE_OBJC_WEAK = YES;
				CLANG_WARN_BLOCK_CAPTURE_AUTORELEASING = YES;
				CLANG_WARN_BOOL_CONVERSION = YES;
				CLANG_WARN_COMMA = YES;
				CLANG_WARN_CONSTANT_CONVERSION = YES;
				CLANG_WARN_DEPRECATED_OBJC_IMPLEMENTATIONS = YES;
				CLANG_WARN_DIRECT_OBJC_ISA_USAGE = YES_ERROR;
				CLANG_WARN_DOCUMENTATION_COMMENTS = YES;
				CLANG_WARN_EMPTY_BODY = YES;
				CLANG_WARN_ENUM_CONVERSION = YES;
				CLANG_WARN_INFINITE_RECURSION = YES;
				CLANG_WARN_INT_CONVERSION = YES;
				CLANG_WARN_NON_LITERAL_NULL_CONVERSION = YES;
				CLANG_WARN_OBJC_IMPLICIT_RETAIN_SELF = YES;
				CLANG_WARN_OBJC_LITERAL_CONVERSION = YES;
				CLANG_WARN_OBJC_ROOT_CLASS = YES_ERROR;
				CLANG_WARN_QUOTED_INCLUDE_IN_FRAMEWORK_HEADER = YES;
				CLANG_WARN_RANGE_LOOP_ANALYSIS = YES;
				CLANG_WARN_STRICT_PROTOTYPES = YES;
				CLANG_WARN_SUSPICIOUS_MOVE = YES;
				CLANG_WARN_UNGUARDED_AVAILABILITY = YES_AGGRESSIVE;
				CLANG_WARN_UNREACHABLE_CODE = YES;
				CLANG_WARN__DUPLICATE_METHOD_MATCH = YES;
				COPY_PHASE_STRIP = NO;
				DEBUG_INFORMATION_FORMAT = "dwarf-with-dsym";
				ENABLE_NS_ASSERTIONS = NO;
				ENABLE_STRICT_OBJC_MSGSEND = YES;
				ENABLE_USER_SCRIPT_SANDBOXING = YES;
				GCC_C_LANGUAGE_STANDARD = gnu17;
				GCC_NO_COMMON_BLOCKS = YES;
				GCC_WARN_64_TO_32_BIT_CONVERSION = YES;
				GCC_WARN_ABOUT_RETURN_TYPE = YES_ERROR;
				GCC_WARN_UNDECLARED_SELECTOR = YES;
				GCC_WARN_UNINITIALIZED_AUTOS = YES_AGGRESSIVE;
				GCC_WARN_UNUSED_FUNCTION = YES;
				GCC_WARN_UNUSED_VARIABLE = YES;
				IPHONEOS_DEPLOYMENT_TARGET = 17.4;
				LOCALIZATION_PREFERS_STRING_CATALOGS = YES;
				MTL_ENABLE_DEBUG_INFO = NO;
				MTL_FAST_MATH = YES;
				SDKROOT = iphoneos;
				SWIFT_COMPILATION_MODE = wholemodule;
				VALIDATE_PRODUCT = YES;
			};
			name = Release;
		};
		A93D54602BAB01170094ACA7 /* Debug */ = {
			isa = XCBuildConfiguration;
			buildSettings = {
				ASSETCATALOG_COMPILER_APPICON_NAME = AppIcon;
				ASSETCATALOG_COMPILER_GLOBAL_ACCENT_COLOR_NAME = AccentColor;
				CODE_SIGN_STYLE = Automatic;
				CURRENT_PROJECT_VERSION = 1;
				DEVELOPMENT_TEAM = K6W38SA3SY;
				GENERATE_INFOPLIST_FILE = YES;
				INFOPLIST_FILE = "Kite-Odyssey/Info.plist";
				INFOPLIST_KEY_CFBundleDisplayName = "Kite Odyssey";
				INFOPLIST_KEY_LSApplicationCategoryType = "public.app-category.arcade-games";
				INFOPLIST_KEY_UIApplicationSupportsIndirectInputEvents = YES;
				INFOPLIST_KEY_UILaunchStoryboardName = LaunchScreen;
				INFOPLIST_KEY_UIMainStoryboardFile = Main;
				INFOPLIST_KEY_UIRequiresFullScreen = YES;
				INFOPLIST_KEY_UIStatusBarHidden = YES;
				INFOPLIST_KEY_UISupportedInterfaceOrientations = UIInterfaceOrientationPortrait;
				IPHONEOS_DEPLOYMENT_TARGET = 15.0;
				LD_RUNPATH_SEARCH_PATHS = (
					"$(inherited)",
					"@executable_path/Frameworks",
				);
				MARKETING_VERSION = 0.2;
				PRODUCT_BUNDLE_IDENTIFIER = "com.afonso.rekbaim.Kite-Odyssey";
				PRODUCT_NAME = "$(TARGET_NAME)";
				SUPPORTED_PLATFORMS = "iphoneos iphonesimulator";
				SUPPORTS_MACCATALYST = NO;
				SUPPORTS_MAC_DESIGNED_FOR_IPHONE_IPAD = NO;
				SUPPORTS_XR_DESIGNED_FOR_IPHONE_IPAD = NO;
				SWIFT_EMIT_LOC_STRINGS = YES;
				SWIFT_VERSION = 5.0;
				TARGETED_DEVICE_FAMILY = "1,2";
			};
			name = Debug;
		};
		A93D54612BAB01170094ACA7 /* Release */ = {
			isa = XCBuildConfiguration;
			buildSettings = {
				ASSETCATALOG_COMPILER_APPICON_NAME = AppIcon;
				ASSETCATALOG_COMPILER_GLOBAL_ACCENT_COLOR_NAME = AccentColor;
				CODE_SIGN_STYLE = Automatic;
				CURRENT_PROJECT_VERSION = 1;
				DEVELOPMENT_TEAM = K6W38SA3SY;
				GENERATE_INFOPLIST_FILE = YES;
				INFOPLIST_FILE = "Kite-Odyssey/Info.plist";
				INFOPLIST_KEY_CFBundleDisplayName = "Kite Odyssey";
				INFOPLIST_KEY_LSApplicationCategoryType = "public.app-category.arcade-games";
				INFOPLIST_KEY_UIApplicationSupportsIndirectInputEvents = YES;
				INFOPLIST_KEY_UILaunchStoryboardName = LaunchScreen;
				INFOPLIST_KEY_UIMainStoryboardFile = Main;
				INFOPLIST_KEY_UIRequiresFullScreen = YES;
				INFOPLIST_KEY_UIStatusBarHidden = YES;
				INFOPLIST_KEY_UISupportedInterfaceOrientations = UIInterfaceOrientationPortrait;
				IPHONEOS_DEPLOYMENT_TARGET = 15.0;
				LD_RUNPATH_SEARCH_PATHS = (
					"$(inherited)",
					"@executable_path/Frameworks",
				);
				MARKETING_VERSION = 0.2;
				PRODUCT_BUNDLE_IDENTIFIER = "com.afonso.rekbaim.Kite-Odyssey";
				PRODUCT_NAME = "$(TARGET_NAME)";
				SUPPORTED_PLATFORMS = "iphoneos iphonesimulator";
				SUPPORTS_MACCATALYST = NO;
				SUPPORTS_MAC_DESIGNED_FOR_IPHONE_IPAD = NO;
				SUPPORTS_XR_DESIGNED_FOR_IPHONE_IPAD = NO;
				SWIFT_EMIT_LOC_STRINGS = YES;
				SWIFT_VERSION = 5.0;
				TARGETED_DEVICE_FAMILY = "1,2";
			};
			name = Release;
		};
/* End XCBuildConfiguration section */

/* Begin XCConfigurationList section */
		A93D54432BAB01160094ACA7 /* Build configuration list for PBXProject "Kite-Odyssey" */ = {
			isa = XCConfigurationList;
			buildConfigurations = (
				A93D545D2BAB01170094ACA7 /* Debug */,
				A93D545E2BAB01170094ACA7 /* Release */,
			);
			defaultConfigurationIsVisible = 0;
			defaultConfigurationName = Release;
		};
		A93D545F2BAB01170094ACA7 /* Build configuration list for PBXNativeTarget "Kite-Odyssey" */ = {
			isa = XCConfigurationList;
			buildConfigurations = (
				A93D54602BAB01170094ACA7 /* Debug */,
				A93D54612BAB01170094ACA7 /* Release */,
			);
			defaultConfigurationIsVisible = 0;
			defaultConfigurationName = Release;
		};
/* End XCConfigurationList section */

/* Begin XCRemoteSwiftPackageReference section */
		A9A4BC262BBC766100675F25 /* XCRemoteSwiftPackageReference "firebase-ios-sdk" */ = {
			isa = XCRemoteSwiftPackageReference;
			repositoryURL = "https://github.com/firebase/firebase-ios-sdk";
			requirement = {
				kind = upToNextMajorVersion;
				minimumVersion = 10.23.1;
			};
		};
/* End XCRemoteSwiftPackageReference section */

/* Begin XCSwiftPackageProductDependency section */
		A9A4BC272BBC766100675F25 /* FirebaseAnalytics */ = {
			isa = XCSwiftPackageProductDependency;
			package = A9A4BC262BBC766100675F25 /* XCRemoteSwiftPackageReference "firebase-ios-sdk" */;
			productName = FirebaseAnalytics;
		};
		A9A4BC292BBC766100675F25 /* FirebaseAnalyticsOnDeviceConversion */ = {
			isa = XCSwiftPackageProductDependency;
			package = A9A4BC262BBC766100675F25 /* XCRemoteSwiftPackageReference "firebase-ios-sdk" */;
			productName = FirebaseAnalyticsOnDeviceConversion;
		};
		A9A4BC2B2BBC766100675F25 /* FirebaseAnalyticsSwift */ = {
			isa = XCSwiftPackageProductDependency;
			package = A9A4BC262BBC766100675F25 /* XCRemoteSwiftPackageReference "firebase-ios-sdk" */;
			productName = FirebaseAnalyticsSwift;
		};
		A9A4BC2D2BBC766100675F25 /* FirebaseAnalyticsWithoutAdIdSupport */ = {
			isa = XCSwiftPackageProductDependency;
			package = A9A4BC262BBC766100675F25 /* XCRemoteSwiftPackageReference "firebase-ios-sdk" */;
			productName = FirebaseAnalyticsWithoutAdIdSupport;
		};
		A9A4BC2F2BBC766100675F25 /* FirebaseAppCheck */ = {
			isa = XCSwiftPackageProductDependency;
			package = A9A4BC262BBC766100675F25 /* XCRemoteSwiftPackageReference "firebase-ios-sdk" */;
			productName = FirebaseAppCheck;
		};
/* End XCSwiftPackageProductDependency section */
	};
	rootObject = A93D54402BAB01160094ACA7 /* Project object */;
}
